
Microsoft Visual Studio Solution File, Format Version 12.00
# Visual Studio Version 17
VisualStudioVersion = 17.6.33801.468
MinimumVisualStudioVersion = 10.0.40219.1
Project("{FAE04EC0-301F-11D3-BF4B-00C04F79EFBC}") = "pis_labovi", "pis_labovi.csproj", "{E81BD0E9-1B8C-4E5F-8B8B-26376C81BAB0}"
EndProject
Global
	GlobalSection(SolutionConfigurationPlatforms) = preSolution
		Debug|Any CPU = Debug|Any CPU
		Release|Any CPU = Release|Any CPU
	EndGlobalSection
	GlobalSection(ProjectConfigurationPlatforms) = postSolution
		{E81BD0E9-1B8C-4E5F-8B8B-26376C81BAB0}.Debug|Any CPU.ActiveCfg = Debug|Any CPU
		{E81BD0E9-1B8C-4E5F-8B8B-26376C81BAB0}.Debug|Any CPU.Build.0 = Debug|Any CPU
		{E81BD0E9-1B8C-4E5F-8B8B-26376C81BAB0}.Release|Any CPU.ActiveCfg = Release|Any CPU
		{E81BD0E9-1B8C-4E5F-8B8B-26376C81BAB0}.Release|Any CPU.Build.0 = Release|Any CPU
	EndGlobalSection
	GlobalSection(SolutionProperties) = preSolution
		HideSolutionNode = FALSE
	EndGlobalSection
	GlobalSection(ExtensibilityGlobals) = postSolution
		SolutionGuid = {04264506-22B2-4BA1-8562-6E34C93FA04B}
	EndGlobalSection
EndGlobal
